
Microsoft Visual Studio Solution File, Format Version 12.00
# Visual Studio Version 17
VisualStudioVersion = 17.11.35312.102
MinimumVisualStudioVersion = 10.0.40219.1
Project("{9A19103F-16F7-4668-BE54-9A1E7A4F7556}") = "TrainTickets.Core", "TrainTickets.Core\TrainTickets.Core.csproj", "{E5F2C487-14B6-4375-90DB-4962C3060D54}"
EndProject
Project("{9A19103F-16F7-4668-BE54-9A1E7A4F7556}") = "TrainTickets.UI", "TrainTickets.UI\TrainTickets.UI.csproj", "{3CF3EF31-4787-4CEF-AB3B-9E9E561976A5}"
EndProject
Project("{9A19103F-16F7-4668-BE54-9A1E7A4F7556}") = "TrainTickets.Infrastructure", "TrainTickets.Infrastructure\TrainTickets.Infrastructure.csproj", "{30CE60F7-EAA2-46A1-AA65-4095ABAE4677}"
EndProject
Project("{2150E333-8FDC-42A3-9474-1A3956D46DE8}") = "scripts", "scripts", "{B1558EB3-D36F-46DB-A26B-B9990161B6B4}"
	ProjectSection(SolutionItems) = preProject
		SqlQuery_1.sql = SqlQuery_1.sql
	EndProjectSection
EndProject
Global
	GlobalSection(SolutionConfigurationPlatforms) = preSolution
		Debug|Any CPU = Debug|Any CPU
		Release|Any CPU = Release|Any CPU
	EndGlobalSection
	GlobalSection(ProjectConfigurationPlatforms) = postSolution
		{E5F2C487-14B6-4375-90DB-4962C3060D54}.Debug|Any CPU.ActiveCfg = Debug|Any CPU
		{E5F2C487-14B6-4375-90DB-4962C3060D54}.Debug|Any CPU.Build.0 = Debug|Any CPU
		{E5F2C487-14B6-4375-90DB-4962C3060D54}.Release|Any CPU.ActiveCfg = Release|Any CPU
		{E5F2C487-14B6-4375-90DB-4962C3060D54}.Release|Any CPU.Build.0 = Release|Any CPU
		{3CF3EF31-4787-4CEF-AB3B-9E9E561976A5}.Debug|Any CPU.ActiveCfg = Debug|Any CPU
		{3CF3EF31-4787-4CEF-AB3B-9E9E561976A5}.Debug|Any CPU.Build.0 = Debug|Any CPU
		{3CF3EF31-4787-4CEF-AB3B-9E9E561976A5}.Release|Any CPU.ActiveCfg = Release|Any CPU
		{3CF3EF31-4787-4CEF-AB3B-9E9E561976A5}.Release|Any CPU.Build.0 = Release|Any CPU
		{30CE60F7-EAA2-46A1-AA65-4095ABAE4677}.Debug|Any CPU.ActiveCfg = Debug|Any CPU
		{30CE60F7-EAA2-46A1-AA65-4095ABAE4677}.Debug|Any CPU.Build.0 = Debug|Any CPU
		{30CE60F7-EAA2-46A1-AA65-4095ABAE4677}.Release|Any CPU.ActiveCfg = Release|Any CPU
		{30CE60F7-EAA2-46A1-AA65-4095ABAE4677}.Release|Any CPU.Build.0 = Release|Any CPU
	EndGlobalSection
	GlobalSection(SolutionProperties) = preSolution
		HideSolutionNode = FALSE
	EndGlobalSection
	GlobalSection(ExtensibilityGlobals) = postSolution
		SolutionGuid = {B40F3B08-83AD-40AD-995E-4C95FE0C0742}
	EndGlobalSection
EndGlobal
